
Microsoft Visual Studio Solution File, Format Version 12.00
# Visual Studio Version 17
VisualStudioVersion = 17.6.33801.468
MinimumVisualStudioVersion = 10.0.40219.1
Project("{FAE04EC0-301F-11D3-BF4B-00C04F79EFBC}") = "AppiumSpecflowSample", "AppiumSpecflowSample.csproj", "{6238E134-0549-4414-86D9-17CCB58FD2C8}"
EndProject
Global
	GlobalSection(SolutionConfigurationPlatforms) = preSolution
		Debug|Any CPU = Debug|Any CPU
		Release|Any CPU = Release|Any CPU
	EndGlobalSection
	GlobalSection(ProjectConfigurationPlatforms) = postSolution
		{6238E134-0549-4414-86D9-17CCB58FD2C8}.Debug|Any CPU.ActiveCfg = Debug|Any CPU
		{6238E134-0549-4414-86D9-17CCB58FD2C8}.Debug|Any CPU.Build.0 = Debug|Any CPU
		{6238E134-0549-4414-86D9-17CCB58FD2C8}.Release|Any CPU.ActiveCfg = Release|Any CPU
		{6238E134-0549-4414-86D9-17CCB58FD2C8}.Release|Any CPU.Build.0 = Release|Any CPU
	EndGlobalSection
	GlobalSection(SolutionProperties) = preSolution
		HideSolutionNode = FALSE
	EndGlobalSection
	GlobalSection(ExtensibilityGlobals) = postSolution
		SolutionGuid = {0C8A2B16-0F3A-46C6-859B-8B9FD78CD8CD}
	EndGlobalSection
EndGlobal
